
Microsoft Visual Studio Solution File, Format Version 12.00
# Visual Studio Version 17
VisualStudioVersion = 17.3.32825.248
MinimumVisualStudioVersion = 10.0.40219.1
Project("{FAE04EC0-301F-11D3-BF4B-00C04F79EFBC}") = "BaiTapNhom", "BaiTapNhom.csproj", "{875E0F9D-85EB-4F50-90AE-74398BA24295}"
EndProject
Global
	GlobalSection(SolutionConfigurationPlatforms) = preSolution
		Debug|Any CPU = Debug|Any CPU
		Release|Any CPU = Release|Any CPU
	EndGlobalSection
	GlobalSection(ProjectConfigurationPlatforms) = postSolution
		{875E0F9D-85EB-4F50-90AE-74398BA24295}.Debug|Any CPU.ActiveCfg = Debug|Any CPU
		{875E0F9D-85EB-4F50-90AE-74398BA24295}.Debug|Any CPU.Build.0 = Debug|Any CPU
		{875E0F9D-85EB-4F50-90AE-74398BA24295}.Release|Any CPU.ActiveCfg = Release|Any CPU
		{875E0F9D-85EB-4F50-90AE-74398BA24295}.Release|Any CPU.Build.0 = Release|Any CPU
	EndGlobalSection
	GlobalSection(SolutionProperties) = preSolution
		HideSolutionNode = FALSE
	EndGlobalSection
	GlobalSection(ExtensibilityGlobals) = postSolution
		SolutionGuid = {FDE9A3AD-4201-4A5A-9423-2737674F92F5}
	EndGlobalSection
EndGlobal
